// !$*UTF8*$!
{
	archiveVersion = 1;
	classes = {
	};
	objectVersion = 56;
	objects = {

/* Begin PBXBuildFile section */
		18D5D21E2C53A8E10012CFD4 /* InfoGodsVC.swift in Sources */ = {isa = PBXBuildFile; fileRef = 18D5D21D2C53A8E10012CFD4 /* InfoGodsVC.swift */; };
		18D5D2202C53A8E60012CFD4 /* InfoGodsView.swift in Sources */ = {isa = PBXBuildFile; fileRef = 18D5D21F2C53A8E60012CFD4 /* InfoGodsView.swift */; };
		18D5D2222C53A8FB0012CFD4 /* QuizGodsVC.swift in Sources */ = {isa = PBXBuildFile; fileRef = 18D5D2212C53A8FB0012CFD4 /* QuizGodsVC.swift */; };
		18D5D2242C53A8FF0012CFD4 /* QuizGodsView.swift in Sources */ = {isa = PBXBuildFile; fileRef = 18D5D2232C53A8FF0012CFD4 /* QuizGodsView.swift */; };
		18D5D2262C53A90F0012CFD4 /* jsonData.json in Resources */ = {isa = PBXBuildFile; fileRef = 18D5D2252C53A90F0012CFD4 /* jsonData.json */; };
		18D5D2282C53A9380012CFD4 /* GodsModel.swift in Sources */ = {isa = PBXBuildFile; fileRef = 18D5D2272C53A9380012CFD4 /* GodsModel.swift */; };
		18F790312C5279DB00ED195E /* AppDelegate.swift in Sources */ = {isa = PBXBuildFile; fileRef = 18F790302C5279DB00ED195E /* AppDelegate.swift */; };
		18F790332C5279DB00ED195E /* SceneDelegate.swift in Sources */ = {isa = PBXBuildFile; fileRef = 18F790322C5279DB00ED195E /* SceneDelegate.swift */; };
		18F7903A2C5279DD00ED195E /* Assets.xcassets in Resources */ = {isa = PBXBuildFile; fileRef = 18F790392C5279DD00ED195E /* Assets.xcassets */; };
		18F7903D2C5279DD00ED195E /* Base in Resources */ = {isa = PBXBuildFile; fileRef = 18F7903C2C5279DD00ED195E /* Base */; };
		18F7904D2C527AE800ED195E /* HomeVC.swift in Sources */ = {isa = PBXBuildFile; fileRef = 18F7904C2C527AE800ED195E /* HomeVC.swift */; };
		18F7904F2C527AED00ED195E /* HomeView.swift in Sources */ = {isa = PBXBuildFile; fileRef = 18F7904E2C527AED00ED195E /* HomeView.swift */; };
		18F790512C527AF300ED195E /* ProfileVC.swift in Sources */ = {isa = PBXBuildFile; fileRef = 18F790502C527AF300ED195E /* ProfileVC.swift */; };
		18F790532C527AF700ED195E /* ProfileView.swift in Sources */ = {isa = PBXBuildFile; fileRef = 18F790522C527AF700ED195E /* ProfileView.swift */; };
		18F790552C527AFC00ED195E /* BonusVC.swift in Sources */ = {isa = PBXBuildFile; fileRef = 18F790542C527AFC00ED195E /* BonusVC.swift */; };
		18F790572C527B0000ED195E /* BonusView.swift in Sources */ = {isa = PBXBuildFile; fileRef = 18F790562C527B0000ED195E /* BonusView.swift */; };
		18F790592C527B0700ED195E /* LeaderboardVC.swift in Sources */ = {isa = PBXBuildFile; fileRef = 18F790582C527B0700ED195E /* LeaderboardVC.swift */; };
		18F7905B2C527B0B00ED195E /* LeaderboardView.swift in Sources */ = {isa = PBXBuildFile; fileRef = 18F7905A2C527B0B00ED195E /* LeaderboardView.swift */; };
		18F7905D2C527B1200ED195E /* InfoVC.swift in Sources */ = {isa = PBXBuildFile; fileRef = 18F7905C2C527B1200ED195E /* InfoVC.swift */; };
		18F7905F2C527B1600ED195E /* InfoView.swift in Sources */ = {isa = PBXBuildFile; fileRef = 18F7905E2C527B1600ED195E /* InfoView.swift */; };
		18F790612C527B1F00ED195E /* NavBar.swift in Sources */ = {isa = PBXBuildFile; fileRef = 18F790602C527B1F00ED195E /* NavBar.swift */; };
		18F790632C527B2A00ED195E /* OnboardingScreenVC.swift in Sources */ = {isa = PBXBuildFile; fileRef = 18F790622C527B2A00ED195E /* OnboardingScreenVC.swift */; };
		18F790652C527B2E00ED195E /* OnboardingScreenView.swift in Sources */ = {isa = PBXBuildFile; fileRef = 18F790642C527B2E00ED195E /* OnboardingScreenView.swift */; };
		18F790682C527D1700ED195E /* SnapKit in Frameworks */ = {isa = PBXBuildFile; productRef = 18F790672C527D1700ED195E /* SnapKit */; };
		18F7906E2C527E8A00ED195E /* Settings.swift in Sources */ = {isa = PBXBuildFile; fileRef = 18F7906D2C527E8A00ED195E /* Settings.swift */; };
		18F790712C527EDE00ED195E /* Double + Extension.swift in Sources */ = {isa = PBXBuildFile; fileRef = 18F790702C527EDE00ED195E /* Double + Extension.swift */; };
		18F790732C527EED00ED195E /* Font + Extension.swift in Sources */ = {isa = PBXBuildFile; fileRef = 18F790722C527EED00ED195E /* Font + Extension.swift */; };
		18F790762C527F8B00ED195E /* UD.swift in Sources */ = {isa = PBXBuildFile; fileRef = 18F790752C527F8B00ED195E /* UD.swift */; };
/* End PBXBuildFile section */

/* Begin PBXFileReference section */
		18D5D21D2C53A8E10012CFD4 /* InfoGodsVC.swift */ = {isa = PBXFileReference; lastKnownFileType = sourcecode.swift; path = InfoGodsVC.swift; sourceTree = "<group>"; };
		18D5D21F2C53A8E60012CFD4 /* InfoGodsView.swift */ = {isa = PBXFileReference; lastKnownFileType = sourcecode.swift; path = InfoGodsView.swift; sourceTree = "<group>"; };
		18D5D2212C53A8FB0012CFD4 /* QuizGodsVC.swift */ = {isa = PBXFileReference; lastKnownFileType = sourcecode.swift; path = QuizGodsVC.swift; sourceTree = "<group>"; };
		18D5D2232C53A8FF0012CFD4 /* QuizGodsView.swift */ = {isa = PBXFileReference; lastKnownFileType = sourcecode.swift; path = QuizGodsView.swift; sourceTree = "<group>"; };
		18D5D2252C53A90F0012CFD4 /* jsonData.json */ = {isa = PBXFileReference; lastKnownFileType = text.json; path = jsonData.json; sourceTree = "<group>"; };
		18D5D2272C53A9380012CFD4 /* GodsModel.swift */ = {isa = PBXFileReference; lastKnownFileType = sourcecode.swift; path = GodsModel.swift; sourceTree = "<group>"; };
		18F7902D2C5279DB00ED195E /* ancientQuiz.app */ = {isa = PBXFileReference; explicitFileType = wrapper.application; includeInIndex = 0; path = ancientQuiz.app; sourceTree = BUILT_PRODUCTS_DIR; };
		18F790302C5279DB00ED195E /* AppDelegate.swift */ = {isa = PBXFileReference; lastKnownFileType = sourcecode.swift; path = AppDelegate.swift; sourceTree = "<group>"; };
		18F790322C5279DB00ED195E /* SceneDelegate.swift */ = {isa = PBXFileReference; lastKnownFileType = sourcecode.swift; path = SceneDelegate.swift; sourceTree = "<group>"; };
		18F790392C5279DD00ED195E /* Assets.xcassets */ = {isa = PBXFileReference; lastKnownFileType = folder.assetcatalog; path = Assets.xcassets; sourceTree = "<group>"; };
		18F7903C2C5279DD00ED195E /* Base */ = {isa = PBXFileReference; lastKnownFileType = file.storyboard; name = Base; path = Base.lproj/LaunchScreen.storyboard; sourceTree = "<group>"; };
		18F7903E2C5279DD00ED195E /* Info.plist */ = {isa = PBXFileReference; lastKnownFileType = text.plist.xml; path = Info.plist; sourceTree = "<group>"; };
		18F7904C2C527AE800ED195E /* HomeVC.swift */ = {isa = PBXFileReference; lastKnownFileType = sourcecode.swift; path = HomeVC.swift; sourceTree = "<group>"; };
		18F7904E2C527AED00ED195E /* HomeView.swift */ = {isa = PBXFileReference; lastKnownFileType = sourcecode.swift; path = HomeView.swift; sourceTree = "<group>"; };
		18F790502C527AF300ED195E /* ProfileVC.swift */ = {isa = PBXFileReference; lastKnownFileType = sourcecode.swift; path = ProfileVC.swift; sourceTree = "<group>"; };
		18F790522C527AF700ED195E /* ProfileView.swift */ = {isa = PBXFileReference; lastKnownFileType = sourcecode.swift; path = ProfileView.swift; sourceTree = "<group>"; };
		18F790542C527AFC00ED195E /* BonusVC.swift */ = {isa = PBXFileReference; lastKnownFileType = sourcecode.swift; path = BonusVC.swift; sourceTree = "<group>"; };
		18F790562C527B0000ED195E /* BonusView.swift */ = {isa = PBXFileReference; lastKnownFileType = sourcecode.swift; path = BonusView.swift; sourceTree = "<group>"; };
		18F790582C527B0700ED195E /* LeaderboardVC.swift */ = {isa = PBXFileReference; lastKnownFileType = sourcecode.swift; path = LeaderboardVC.swift; sourceTree = "<group>"; };
		18F7905A2C527B0B00ED195E /* LeaderboardView.swift */ = {isa = PBXFileReference; lastKnownFileType = sourcecode.swift; path = LeaderboardView.swift; sourceTree = "<group>"; };
		18F7905C2C527B1200ED195E /* InfoVC.swift */ = {isa = PBXFileReference; lastKnownFileType = sourcecode.swift; path = InfoVC.swift; sourceTree = "<group>"; };
		18F7905E2C527B1600ED195E /* InfoView.swift */ = {isa = PBXFileReference; lastKnownFileType = sourcecode.swift; path = InfoView.swift; sourceTree = "<group>"; };
		18F790602C527B1F00ED195E /* NavBar.swift */ = {isa = PBXFileReference; lastKnownFileType = sourcecode.swift; path = NavBar.swift; sourceTree = "<group>"; };
		18F790622C527B2A00ED195E /* OnboardingScreenVC.swift */ = {isa = PBXFileReference; lastKnownFileType = sourcecode.swift; path = OnboardingScreenVC.swift; sourceTree = "<group>"; };
		18F790642C527B2E00ED195E /* OnboardingScreenView.swift */ = {isa = PBXFileReference; lastKnownFileType = sourcecode.swift; path = OnboardingScreenView.swift; sourceTree = "<group>"; };
		18F7906D2C527E8A00ED195E /* Settings.swift */ = {isa = PBXFileReference; lastKnownFileType = sourcecode.swift; path = Settings.swift; sourceTree = "<group>"; };
		18F790702C527EDE00ED195E /* Double + Extension.swift */ = {isa = PBXFileReference; lastKnownFileType = sourcecode.swift; path = "Double + Extension.swift"; sourceTree = "<group>"; };
		18F790722C527EED00ED195E /* Font + Extension.swift */ = {isa = PBXFileReference; lastKnownFileType = sourcecode.swift; path = "Font + Extension.swift"; sourceTree = "<group>"; };
		18F790752C527F8B00ED195E /* UD.swift */ = {isa = PBXFileReference; lastKnownFileType = sourcecode.swift; path = UD.swift; sourceTree = "<group>"; };
/* End PBXFileReference section */

/* Begin PBXFrameworksBuildPhase section */
		18F7902A2C5279DB00ED195E /* Frameworks */ = {
			isa = PBXFrameworksBuildPhase;
			buildActionMask = 2147483647;
			files = (
				18F790682C527D1700ED195E /* SnapKit in Frameworks */,
			);
			runOnlyForDeploymentPostprocessing = 0;
		};
/* End PBXFrameworksBuildPhase section */

/* Begin PBXGroup section */
		18D5D21B2C53A8C30012CFD4 /* InfoGods */ = {
			isa = PBXGroup;
			children = (
				18D5D21D2C53A8E10012CFD4 /* InfoGodsVC.swift */,
				18D5D21F2C53A8E60012CFD4 /* InfoGodsView.swift */,
				18D5D21C2C53A8D40012CFD4 /* QuizGods */,
			);
			path = InfoGods;
			sourceTree = "<group>";
		};
		18D5D21C2C53A8D40012CFD4 /* QuizGods */ = {
			isa = PBXGroup;
			children = (
				18D5D2212C53A8FB0012CFD4 /* QuizGodsVC.swift */,
				18D5D2232C53A8FF0012CFD4 /* QuizGodsView.swift */,
				18D5D2272C53A9380012CFD4 /* GodsModel.swift */,
				18D5D2252C53A90F0012CFD4 /* jsonData.json */,
			);
			path = QuizGods;
			sourceTree = "<group>";
		};
		18F790242C5279DB00ED195E = {
			isa = PBXGroup;
			children = (
				18F7902F2C5279DB00ED195E /* ancientQuiz */,
				18F7902E2C5279DB00ED195E /* Products */,
			);
			sourceTree = "<group>";
		};
		18F7902E2C5279DB00ED195E /* Products */ = {
			isa = PBXGroup;
			children = (
				18F7902D2C5279DB00ED195E /* ancientQuiz.app */,
			);
			name = Products;
			sourceTree = "<group>";
		};
		18F7902F2C5279DB00ED195E /* ancientQuiz */ = {
			isa = PBXGroup;
			children = (
				18F790302C5279DB00ED195E /* AppDelegate.swift */,
				18F790322C5279DB00ED195E /* SceneDelegate.swift */,
				18F7903B2C5279DD00ED195E /* LaunchScreen.storyboard */,
				18F790442C5279E400ED195E /* Flow */,
				18F790692C527D8800ED195E /* Resourse */,
				18F7903E2C5279DD00ED195E /* Info.plist */,
			);
			path = ancientQuiz;
			sourceTree = "<group>";
		};
		18F790442C5279E400ED195E /* Flow */ = {
			isa = PBXGroup;
			children = (
				18F790452C527A6500ED195E /* OnboardingScreen */,
			);
			path = Flow;
			sourceTree = "<group>";
		};
		18F790452C527A6500ED195E /* OnboardingScreen */ = {
			isa = PBXGroup;
			children = (
				18F790622C527B2A00ED195E /* OnboardingScreenVC.swift */,
				18F790642C527B2E00ED195E /* OnboardingScreenView.swift */,
				18F790462C527A8700ED195E /* NavBar */,
			);
			path = OnboardingScreen;
			sourceTree = "<group>";
		};
		18F790462C527A8700ED195E /* NavBar */ = {
			isa = PBXGroup;
			children = (
				18F790602C527B1F00ED195E /* NavBar.swift */,
				18F790472C527A9F00ED195E /* Home */,
				18F790482C527AA700ED195E /* Profile */,
				18F7904B2C527AC400ED195E /* Bonus */,
				18F7904A2C527AB100ED195E /* Leaderboard */,
				18F790492C527AAB00ED195E /* Info */,
			);
			path = NavBar;
			sourceTree = "<group>";
		};
		18F790472C527A9F00ED195E /* Home */ = {
			isa = PBXGroup;
			children = (
				18F7904C2C527AE800ED195E /* HomeVC.swift */,
				18F7904E2C527AED00ED195E /* HomeView.swift */,
				18D5D21B2C53A8C30012CFD4 /* InfoGods */,
			);
			path = Home;
			sourceTree = "<group>";
		};
		18F790482C527AA700ED195E /* Profile */ = {
			isa = PBXGroup;
			children = (
				18F790502C527AF300ED195E /* ProfileVC.swift */,
				18F790522C527AF700ED195E /* ProfileView.swift */,
			);
			path = Profile;
			sourceTree = "<group>";
		};
		18F790492C527AAB00ED195E /* Info */ = {
			isa = PBXGroup;
			children = (
				18F7905C2C527B1200ED195E /* InfoVC.swift */,
				18F7905E2C527B1600ED195E /* InfoView.swift */,
			);
			path = Info;
			sourceTree = "<group>";
		};
		18F7904A2C527AB100ED195E /* Leaderboard */ = {
			isa = PBXGroup;
			children = (
				18F790582C527B0700ED195E /* LeaderboardVC.swift */,
				18F7905A2C527B0B00ED195E /* LeaderboardView.swift */,
			);
			path = Leaderboard;
			sourceTree = "<group>";
		};
		18F7904B2C527AC400ED195E /* Bonus */ = {
			isa = PBXGroup;
			children = (
				18F790542C527AFC00ED195E /* BonusVC.swift */,
				18F790562C527B0000ED195E /* BonusView.swift */,
			);
			path = Bonus;
			sourceTree = "<group>";
		};
		18F790692C527D8800ED195E /* Resourse */ = {
			isa = PBXGroup;
			children = (
				18F790752C527F8B00ED195E /* UD.swift */,
				18F790722C527EED00ED195E /* Font + Extension.swift */,
				18F790702C527EDE00ED195E /* Double + Extension.swift */,
				18F7906F2C527EA200ED195E /* ServiceBackEnd */,
				18F7906A2C527E7500ED195E /* Settings */,
				18F790742C527F5600ED195E /* Fonts */,
				18F790392C5279DD00ED195E /* Assets.xcassets */,
			);
			path = Resourse;
			sourceTree = "<group>";
		};
		18F7906A2C527E7500ED195E /* Settings */ = {
			isa = PBXGroup;
			children = (
				18F7906D2C527E8A00ED195E /* Settings.swift */,
			);
			path = Settings;
			sourceTree = "<group>";
		};
		18F7906F2C527EA200ED195E /* ServiceBackEnd */ = {
			isa = PBXGroup;
			children = (
			);
			path = ServiceBackEnd;
			sourceTree = "<group>";
		};
		18F790742C527F5600ED195E /* Fonts */ = {
			isa = PBXGroup;
			children = (
			);
			path = Fonts;
			sourceTree = "<group>";
		};
/* End PBXGroup section */

/* Begin PBXNativeTarget section */
		18F7902C2C5279DB00ED195E /* ancientQuiz */ = {
			isa = PBXNativeTarget;
			buildConfigurationList = 18F790412C5279DD00ED195E /* Build configuration list for PBXNativeTarget "ancientQuiz" */;
			buildPhases = (
				18F790292C5279DB00ED195E /* Sources */,
				18F7902A2C5279DB00ED195E /* Frameworks */,
				18F7902B2C5279DB00ED195E /* Resources */,
			);
			buildRules = (
			);
			dependencies = (
			);
			name = ancientQuiz;
			packageProductDependencies = (
				18F790672C527D1700ED195E /* SnapKit */,
			);
			productName = ancientQuiz;
			productReference = 18F7902D2C5279DB00ED195E /* ancientQuiz.app */;
			productType = "com.apple.product-type.application";
		};
/* End PBXNativeTarget section */

/* Begin PBXProject section */
		18F790252C5279DB00ED195E /* Project object */ = {
			isa = PBXProject;
			attributes = {
				BuildIndependentTargetsInParallel = 1;
				LastSwiftUpdateCheck = 1530;
				LastUpgradeCheck = 1530;
				TargetAttributes = {
					18F7902C2C5279DB00ED195E = {
						CreatedOnToolsVersion = 15.3;
					};
				};
			};
			buildConfigurationList = 18F790282C5279DB00ED195E /* Build configuration list for PBXProject "ancientQuiz" */;
			compatibilityVersion = "Xcode 14.0";
			developmentRegion = en;
			hasScannedForEncodings = 0;
			knownRegions = (
				en,
				Base,
			);
			mainGroup = 18F790242C5279DB00ED195E;
			packageReferences = (
				18F790662C527D1700ED195E /* XCRemoteSwiftPackageReference "SnapKit" */,
			);
			productRefGroup = 18F7902E2C5279DB00ED195E /* Products */;
			projectDirPath = "";
			projectRoot = "";
			targets = (
				18F7902C2C5279DB00ED195E /* ancientQuiz */,
			);
		};
/* End PBXProject section */

/* Begin PBXResourcesBuildPhase section */
		18F7902B2C5279DB00ED195E /* Resources */ = {
			isa = PBXResourcesBuildPhase;
			buildActionMask = 2147483647;
			files = (
				18D5D2262C53A90F0012CFD4 /* jsonData.json in Resources */,
				18F7903A2C5279DD00ED195E /* Assets.xcassets in Resources */,
				18F7903D2C5279DD00ED195E /* Base in Resources */,
			);
			runOnlyForDeploymentPostprocessing = 0;
		};
/* End PBXResourcesBuildPhase section */

/* Begin PBXSourcesBuildPhase section */
		18F790292C5279DB00ED195E /* Sources */ = {
			isa = PBXSourcesBuildPhase;
			buildActionMask = 2147483647;
			files = (
				18F790572C527B0000ED195E /* BonusView.swift in Sources */,
				18F790552C527AFC00ED195E /* BonusVC.swift in Sources */,
				18F790512C527AF300ED195E /* ProfileVC.swift in Sources */,
				18F790652C527B2E00ED195E /* OnboardingScreenView.swift in Sources */,
				18D5D2202C53A8E60012CFD4 /* InfoGodsView.swift in Sources */,
				18F790732C527EED00ED195E /* Font + Extension.swift in Sources */,
				18F7905D2C527B1200ED195E /* InfoVC.swift in Sources */,
				18F7905F2C527B1600ED195E /* InfoView.swift in Sources */,
				18D5D2282C53A9380012CFD4 /* GodsModel.swift in Sources */,
				18F790592C527B0700ED195E /* LeaderboardVC.swift in Sources */,
				18D5D2242C53A8FF0012CFD4 /* QuizGodsView.swift in Sources */,
				18F7904D2C527AE800ED195E /* HomeVC.swift in Sources */,
				18D5D2222C53A8FB0012CFD4 /* QuizGodsVC.swift in Sources */,
				18F790312C5279DB00ED195E /* AppDelegate.swift in Sources */,
				18F7905B2C527B0B00ED195E /* LeaderboardView.swift in Sources */,
				18F7906E2C527E8A00ED195E /* Settings.swift in Sources */,
				18F790632C527B2A00ED195E /* OnboardingScreenVC.swift in Sources */,
				18D5D21E2C53A8E10012CFD4 /* InfoGodsVC.swift in Sources */,
				18F7904F2C527AED00ED195E /* HomeView.swift in Sources */,
				18F790612C527B1F00ED195E /* NavBar.swift in Sources */,
				18F790532C527AF700ED195E /* ProfileView.swift in Sources */,
				18F790712C527EDE00ED195E /* Double + Extension.swift in Sources */,
				18F790762C527F8B00ED195E /* UD.swift in Sources */,
				18F790332C5279DB00ED195E /* SceneDelegate.swift in Sources */,
			);
			runOnlyForDeploymentPostprocessing = 0;
		};
/* End PBXSourcesBuildPhase section */

/* Begin PBXVariantGroup section */
		18F7903B2C5279DD00ED195E /* LaunchScreen.storyboard */ = {
			isa = PBXVariantGroup;
			children = (
				18F7903C2C5279DD00ED195E /* Base */,
			);
			name = LaunchScreen.storyboard;
			sourceTree = "<group>";
		};
/* End PBXVariantGroup section */

/* Begin XCBuildConfiguration section */
		18F7903F2C5279DD00ED195E /* Debug */ = {
			isa = XCBuildConfiguration;
			buildSettings = {
				ALWAYS_SEARCH_USER_PATHS = NO;
				ASSETCATALOG_COMPILER_GENERATE_SWIFT_ASSET_SYMBOL_EXTENSIONS = YES;
				CLANG_ANALYZER_NONNULL = YES;
				CLANG_ANALYZER_NUMBER_OBJECT_CONVERSION = YES_AGGRESSIVE;
				CLANG_CXX_LANGUAGE_STANDARD = "gnu++20";
				CLANG_ENABLE_MODULES = YES;
				CLANG_ENABLE_OBJC_ARC = YES;
				CLANG_ENABLE_OBJC_WEAK = YES;
				CLANG_WARN_BLOCK_CAPTURE_AUTORELEASING = YES;
				CLANG_WARN_BOOL_CONVERSION = YES;
				CLANG_WARN_COMMA = YES;
				CLANG_WARN_CONSTANT_CONVERSION = YES;
				CLANG_WARN_DEPRECATED_OBJC_IMPLEMENTATIONS = YES;
				CLANG_WARN_DIRECT_OBJC_ISA_USAGE = YES_ERROR;
				CLANG_WARN_DOCUMENTATION_COMMENTS = YES;
				CLANG_WARN_EMPTY_BODY = YES;
				CLANG_WARN_ENUM_CONVERSION = YES;
				CLANG_WARN_INFINITE_RECURSION = YES;
				CLANG_WARN_INT_CONVERSION = YES;
				CLANG_WARN_NON_LITERAL_NULL_CONVERSION = YES;
				CLANG_WARN_OBJC_IMPLICIT_RETAIN_SELF = YES;
				CLANG_WARN_OBJC_LITERAL_CONVERSION = YES;
				CLANG_WARN_OBJC_ROOT_CLASS = YES_ERROR;
				CLANG_WARN_QUOTED_INCLUDE_IN_FRAMEWORK_HEADER = YES;
				CLANG_WARN_RANGE_LOOP_ANALYSIS = YES;
				CLANG_WARN_STRICT_PROTOTYPES = YES;
				CLANG_WARN_SUSPICIOUS_MOVE = YES;
				CLANG_WARN_UNGUARDED_AVAILABILITY = YES_AGGRESSIVE;
				CLANG_WARN_UNREACHABLE_CODE = YES;
				CLANG_WARN__DUPLICATE_METHOD_MATCH = YES;
				COPY_PHASE_STRIP = NO;
				DEBUG_INFORMATION_FORMAT = dwarf;
				ENABLE_STRICT_OBJC_MSGSEND = YES;
				ENABLE_TESTABILITY = YES;
				ENABLE_USER_SCRIPT_SANDBOXING = YES;
				GCC_C_LANGUAGE_STANDARD = gnu17;
				GCC_DYNAMIC_NO_PIC = NO;
				GCC_NO_COMMON_BLOCKS = YES;
				GCC_OPTIMIZATION_LEVEL = 0;
				GCC_PREPROCESSOR_DEFINITIONS = (
					"DEBUG=1",
					"$(inherited)",
				);
				GCC_WARN_64_TO_32_BIT_CONVERSION = YES;
				GCC_WARN_ABOUT_RETURN_TYPE = YES_ERROR;
				GCC_WARN_UNDECLARED_SELECTOR = YES;
				GCC_WARN_UNINITIALIZED_AUTOS = YES_AGGRESSIVE;
				GCC_WARN_UNUSED_FUNCTION = YES;
				GCC_WARN_UNUSED_VARIABLE = YES;
				IPHONEOS_DEPLOYMENT_TARGET = 15.0;
				LOCALIZATION_PREFERS_STRING_CATALOGS = YES;
				MTL_ENABLE_DEBUG_INFO = INCLUDE_SOURCE;
				MTL_FAST_MATH = YES;
				ONLY_ACTIVE_ARCH = YES;
				SDKROOT = iphoneos;
				SWIFT_ACTIVE_COMPILATION_CONDITIONS = "DEBUG $(inherited)";
				SWIFT_OPTIMIZATION_LEVEL = "-Onone";
			};
			name = Debug;
		};
		18F790402C5279DD00ED195E /* Release */ = {
			isa = XCBuildConfiguration;
			buildSettings = {
				ALWAYS_SEARCH_USER_PATHS = NO;
				ASSETCATALOG_COMPILER_GENERATE_SWIFT_ASSET_SYMBOL_EXTENSIONS = YES;
				CLANG_ANALYZER_NONNULL = YES;
				CLANG_ANALYZER_NUMBER_OBJECT_CONVERSION = YES_AGGRESSIVE;
				CLANG_CXX_LANGUAGE_STANDARD = "gnu++20";
				CLANG_ENABLE_MODULES = YES;
				CLANG_ENABLE_OBJC_ARC = YES;
				CLANG_ENABLE_OBJC_WEAK = YES;
				CLANG_WARN_BLOCK_CAPTURE_AUTORELEASING = YES;
				CLANG_WARN_BOOL_CONVERSION = YES;
				CLANG_WARN_COMMA = YES;
				CLANG_WARN_CONSTANT_CONVERSION = YES;
				CLANG_WARN_DEPRECATED_OBJC_IMPLEMENTATIONS = YES;
				CLANG_WARN_DIRECT_OBJC_ISA_USAGE = YES_ERROR;
				CLANG_WARN_DOCUMENTATION_COMMENTS = YES;
				CLANG_WARN_EMPTY_BODY = YES;
				CLANG_WARN_ENUM_CONVERSION = YES;
				CLANG_WARN_INFINITE_RECURSION = YES;
				CLANG_WARN_INT_CONVERSION = YES;
				CLANG_WARN_NON_LITERAL_NULL_CONVERSION = YES;
				CLANG_WARN_OBJC_IMPLICIT_RETAIN_SELF = YES;
				CLANG_WARN_OBJC_LITERAL_CONVERSION = YES;
				CLANG_WARN_OBJC_ROOT_CLASS = YES_ERROR;
				CLANG_WARN_QUOTED_INCLUDE_IN_FRAMEWORK_HEADER = YES;
				CLANG_WARN_RANGE_LOOP_ANALYSIS = YES;
				CLANG_WARN_STRICT_PROTOTYPES = YES;
				CLANG_WARN_SUSPICIOUS_MOVE = YES;
				CLANG_WARN_UNGUARDED_AVAILABILITY = YES_AGGRESSIVE;
				CLANG_WARN_UNREACHABLE_CODE = YES;
				CLANG_WARN__DUPLICATE_METHOD_MATCH = YES;
				COPY_PHASE_STRIP = NO;
				DEBUG_INFORMATION_FORMAT = "dwarf-with-dsym";
				ENABLE_NS_ASSERTIONS = NO;
				ENABLE_STRICT_OBJC_MSGSEND = YES;
				ENABLE_USER_SCRIPT_SANDBOXING = YES;
				GCC_C_LANGUAGE_STANDARD = gnu17;
				GCC_NO_COMMON_BLOCKS = YES;
				GCC_WARN_64_TO_32_BIT_CONVERSION = YES;
				GCC_WARN_ABOUT_RETURN_TYPE = YES_ERROR;
				GCC_WARN_UNDECLARED_SELECTOR = YES;
				GCC_WARN_UNINITIALIZED_AUTOS = YES_AGGRESSIVE;
				GCC_WARN_UNUSED_FUNCTION = YES;
				GCC_WARN_UNUSED_VARIABLE = YES;
				IPHONEOS_DEPLOYMENT_TARGET = 15.0;
				LOCALIZATION_PREFERS_STRING_CATALOGS = YES;
				MTL_ENABLE_DEBUG_INFO = NO;
				MTL_FAST_MATH = YES;
				SDKROOT = iphoneos;
				SWIFT_COMPILATION_MODE = wholemodule;
				VALIDATE_PRODUCT = YES;
			};
			name = Release;
		};
		18F790422C5279DD00ED195E /* Debug */ = {
			isa = XCBuildConfiguration;
			buildSettings = {
				ASSETCATALOG_COMPILER_APPICON_NAME = AppIcon;
				ASSETCATALOG_COMPILER_GLOBAL_ACCENT_COLOR_NAME = AccentColor;
				CODE_SIGN_STYLE = Automatic;
				CURRENT_PROJECT_VERSION = 1;
				GENERATE_INFOPLIST_FILE = YES;
				INFOPLIST_FILE = ancientQuiz/Info.plist;
				INFOPLIST_KEY_UIApplicationSupportsIndirectInputEvents = YES;
				INFOPLIST_KEY_UILaunchStoryboardName = LaunchScreen;
				INFOPLIST_KEY_UISupportedInterfaceOrientations_iPad = "UIInterfaceOrientationPortrait UIInterfaceOrientationPortraitUpsideDown UIInterfaceOrientationLandscapeLeft UIInterfaceOrientationLandscapeRight";
				INFOPLIST_KEY_UISupportedInterfaceOrientations_iPhone = "UIInterfaceOrientationPortrait UIInterfaceOrientationLandscapeLeft UIInterfaceOrientationLandscapeRight";
				IPHONEOS_DEPLOYMENT_TARGET = 15.0;
				LD_RUNPATH_SEARCH_PATHS = (
					"$(inherited)",
					"@executable_path/Frameworks",
				);
				MARKETING_VERSION = 1.0;
				PRODUCT_BUNDLE_IDENTIFIER = tsarevichD.ancientQuiz;
				PRODUCT_NAME = "$(TARGET_NAME)";
				SUPPORTED_PLATFORMS = "iphoneos iphonesimulator";
				SUPPORTS_MACCATALYST = NO;
				SUPPORTS_XR_DESIGNED_FOR_IPHONE_IPAD = NO;
				SWIFT_EMIT_LOC_STRINGS = YES;
				SWIFT_VERSION = 5.0;
				TARGETED_DEVICE_FAMILY = 1;
			};
			name = Debug;
		};
		18F790432C5279DD00ED195E /* Release */ = {
			isa = XCBuildConfiguration;
			buildSettings = {
				ASSETCATALOG_COMPILER_APPICON_NAME = AppIcon;
				ASSETCATALOG_COMPILER_GLOBAL_ACCENT_COLOR_NAME = AccentColor;
				CODE_SIGN_STYLE = Automatic;
				CURRENT_PROJECT_VERSION = 1;
				GENERATE_INFOPLIST_FILE = YES;
				INFOPLIST_FILE = ancientQuiz/Info.plist;
				INFOPLIST_KEY_UIApplicationSupportsIndirectInputEvents = YES;
				INFOPLIST_KEY_UILaunchStoryboardName = LaunchScreen;
				INFOPLIST_KEY_UISupportedInterfaceOrientations_iPad = "UIInterfaceOrientationPortrait UIInterfaceOrientationPortraitUpsideDown UIInterfaceOrientationLandscapeLeft UIInterfaceOrientationLandscapeRight";
				INFOPLIST_KEY_UISupportedInterfaceOrientations_iPhone = "UIInterfaceOrientationPortrait UIInterfaceOrientationLandscapeLeft UIInterfaceOrientationLandscapeRight";
				IPHONEOS_DEPLOYMENT_TARGET = 15.0;
				LD_RUNPATH_SEARCH_PATHS = (
					"$(inherited)",
					"@executable_path/Frameworks",
				);
				MARKETING_VERSION = 1.0;
				PRODUCT_BUNDLE_IDENTIFIER = tsarevichD.ancientQuiz;
				PRODUCT_NAME = "$(TARGET_NAME)";
				SUPPORTED_PLATFORMS = "iphoneos iphonesimulator";
				SUPPORTS_MACCATALYST = NO;
				SUPPORTS_XR_DESIGNED_FOR_IPHONE_IPAD = NO;
				SWIFT_EMIT_LOC_STRINGS = YES;
				SWIFT_VERSION = 5.0;
				TARGETED_DEVICE_FAMILY = 1;
			};
			name = Release;
		};
/* End XCBuildConfiguration section */

/* Begin XCConfigurationList section */
		18F790282C5279DB00ED195E /* Build configuration list for PBXProject "ancientQuiz" */ = {
			isa = XCConfigurationList;
			buildConfigurations = (
				18F7903F2C5279DD00ED195E /* Debug */,
				18F790402C5279DD00ED195E /* Release */,
			);
			defaultConfigurationIsVisible = 0;
			defaultConfigurationName = Release;
		};
		18F790412C5279DD00ED195E /* Build configuration list for PBXNativeTarget "ancientQuiz" */ = {
			isa = XCConfigurationList;
			buildConfigurations = (
				18F790422C5279DD00ED195E /* Debug */,
				18F790432C5279DD00ED195E /* Release */,
			);
			defaultConfigurationIsVisible = 0;
			defaultConfigurationName = Release;
		};
/* End XCConfigurationList section */

/* Begin XCRemoteSwiftPackageReference section */
		18F790662C527D1700ED195E /* XCRemoteSwiftPackageReference "SnapKit" */ = {
			isa = XCRemoteSwiftPackageReference;
			repositoryURL = "https://github.com/SnapKit/SnapKit";
			requirement = {
				kind = upToNextMajorVersion;
				minimumVersion = 5.7.1;
			};
		};
/* End XCRemoteSwiftPackageReference section */

/* Begin XCSwiftPackageProductDependency section */
		18F790672C527D1700ED195E /* SnapKit */ = {
			isa = XCSwiftPackageProductDependency;
			package = 18F790662C527D1700ED195E /* XCRemoteSwiftPackageReference "SnapKit" */;
			productName = SnapKit;
		};
/* End XCSwiftPackageProductDependency section */
	};
	rootObject = 18F790252C5279DB00ED195E /* Project object */;
}
